
Microsoft Visual Studio Solution File, Format Version 12.00
# Visual Studio Version 17
VisualStudioVersion = 17.5.33516.290
MinimumVisualStudioVersion = 10.0.40219.1
Project("{FAE04EC0-301F-11D3-BF4B-00C04F79EFBC}") = "Driver", "Driver.csproj", "{88A4096F-2382-45BB-B420-BC0C0B5FE188}"
EndProject
Global
	GlobalSection(SolutionConfigurationPlatforms) = preSolution
		Debug|Any CPU = Debug|Any CPU
		Release|Any CPU = Release|Any CPU
	EndGlobalSection
	GlobalSection(ProjectConfigurationPlatforms) = postSolution
		{88A4096F-2382-45BB-B420-BC0C0B5FE188}.Debug|Any CPU.ActiveCfg = Debug|Any CPU
		{88A4096F-2382-45BB-B420-BC0C0B5FE188}.Debug|Any CPU.Build.0 = Debug|Any CPU
		{88A4096F-2382-45BB-B420-BC0C0B5FE188}.Release|Any CPU.ActiveCfg = Release|Any CPU
		{88A4096F-2382-45BB-B420-BC0C0B5FE188}.Release|Any CPU.Build.0 = Release|Any CPU
	EndGlobalSection
	GlobalSection(SolutionProperties) = preSolution
		HideSolutionNode = FALSE
	EndGlobalSection
	GlobalSection(ExtensibilityGlobals) = postSolution
		SolutionGuid = {1C339975-9662-41F3-9E72-15264B42CB8A}
	EndGlobalSection
EndGlobal
